
Microsoft Visual Studio Solution File, Format Version 12.00
# Visual Studio 2013
VisualStudioVersion = 12.0.31101.0
MinimumVisualStudioVersion = 10.0.40219.1
Project("{FAE04EC0-301F-11D3-BF4B-00C04F79EFBC}") = "Vjezba_pdf_1", "Vjezba_pdf_1\Vjezba_pdf_1.csproj", "{B7478FA0-E220-4266-99FA-2535B4D1B75F}"
EndProject
Project("{FAE04EC0-301F-11D3-BF4B-00C04F79EFBC}") = "Vjezba_pdf_2", "Vjezba_pdf_2\Vjezba_pdf_2.csproj", "{5CEC13A3-ED08-4EFE-AC59-4BEB74419211}"
EndProject
Project("{FAE04EC0-301F-11D3-BF4B-00C04F79EFBC}") = "Vjezba_pdf_3", "Vjezba_pdf_3\Vjezba_pdf_3.csproj", "{B72F01F3-CB41-4764-934B-B36907AD7774}"
EndProject
Project("{FAE04EC0-301F-11D3-BF4B-00C04F79EFBC}") = "Vjezba_pdf_4", "Vjezba_pdf_4\Vjezba_pdf_4.csproj", "{46B49D6A-D3EA-4B1E-9A32-59D74B1DC54A}"
EndProject
Project("{FAE04EC0-301F-11D3-BF4B-00C04F79EFBC}") = "Vjezba_pdf_5", "Vjezba_pdf_5\Vjezba_pdf_5.csproj", "{FCFAA0DE-3155-4B8B-92D3-AE9AB52B9527}"
EndProject
Project("{FAE04EC0-301F-11D3-BF4B-00C04F79EFBC}") = "Vjezba_pdf_6", "Vjezba_pdf_6\Vjezba_pdf_6.csproj", "{3B31F3C2-B1C0-4644-B3B2-9753BC5ABFBD}"
EndProject
Project("{FAE04EC0-301F-11D3-BF4B-00C04F79EFBC}") = "Vjezba_pdf_7", "Vjezba_pdf_7\Vjezba_pdf_7.csproj", "{9D3C0D67-8765-43FF-A863-780FE66BA867}"
EndProject
Project("{FAE04EC0-301F-11D3-BF4B-00C04F79EFBC}") = "Vjezba_pdf_8", "Vjezba_pdf_8\Vjezba_pdf_8.csproj", "{11E22BB5-C6C5-4640-AAD4-5EAD51E18B65}"
EndProject
Project("{FAE04EC0-301F-11D3-BF4B-00C04F79EFBC}") = "Vjezba_pdf_9", "Vjezba_pdf_9\Vjezba_pdf_9.csproj", "{1C3D0397-2D79-47D1-8E54-14C77EADC4DA}"
EndProject
Project("{FAE04EC0-301F-11D3-BF4B-00C04F79EFBC}") = "Vjezba_pdf_10", "Vjezba_pdf_10\Vjezba_pdf_10.csproj", "{E53097CA-9A88-4B82-8A87-577144A26095}"
EndProject
Project("{FAE04EC0-301F-11D3-BF4B-00C04F79EFBC}") = "Vjezba_pdf_11", "Vjezba_pdf_11\Vjezba_pdf_11.csproj", "{A7FE8921-8511-4C5A-AD03-FE8B494882BF}"
EndProject
Project("{FAE04EC0-301F-11D3-BF4B-00C04F79EFBC}") = "fejs_grupa_0", "fejs_grupa_0\fejs_grupa_0.csproj", "{17D65AC5-E5DD-42D8-A3A8-C55FC78FECF8}"
EndProject
Project("{FAE04EC0-301F-11D3-BF4B-00C04F79EFBC}") = "fejs_grupa_1", "fejs_grupa_1\fejs_grupa_1.csproj", "{9162F084-FB73-4496-8454-A1A92F3C3E6D}"
EndProject
Project("{FAE04EC0-301F-11D3-BF4B-00C04F79EFBC}") = "fejs_grupa_2", "fejs_grupa_2\fejs_grupa_2.csproj", "{4DDC066A-A715-48B4-BA32-0B6ECD72893E}"
EndProject
Project("{FAE04EC0-301F-11D3-BF4B-00C04F79EFBC}") = "fejs_grupa_3", "fejs_grupa_3\fejs_grupa_3.csproj", "{E72BBA44-8514-4653-B06A-2BA393A09A3C}"
EndProject
Project("{FAE04EC0-301F-11D3-BF4B-00C04F79EFBC}") = "Vjezba_pdf_12", "Vjezba_pdf_12\Vjezba_pdf_12.csproj", "{7D78E85B-BF3C-4C5B-B671-A0EC159276E5}"
EndProject
Project("{FAE04EC0-301F-11D3-BF4B-00C04F79EFBC}") = "Vjezba_pdf_13", "Vjezba_pdf_13\Vjezba_pdf_13.csproj", "{B7BC0180-1E54-4C20-A2E7-B8EC4DBB08FE}"
EndProject
Project("{FAE04EC0-301F-11D3-BF4B-00C04F79EFBC}") = "Vjezba_pdf_14", "Vjezba_pdf_14\Vjezba_pdf_14.csproj", "{07EF762F-7953-440B-81B6-0A83965E85BD}"
EndProject
Project("{FAE04EC0-301F-11D3-BF4B-00C04F79EFBC}") = "Vjezba_pdf_15", "Vjezba_pdf_15\Vjezba_pdf_15.csproj", "{C3383C81-4F49-467F-AC28-F1A9B0CFD019}"
EndProject
Project("{FAE04EC0-301F-11D3-BF4B-00C04F79EFBC}") = "Vjezba_pdf_16", "Vjezba_pdf_16\Vjezba_pdf_16.csproj", "{085238E8-D2D2-43A6-9E4A-EE629ACCF7A9}"
EndProject
Project("{FAE04EC0-301F-11D3-BF4B-00C04F79EFBC}") = "Vjezba_pdf_17", "Vjezba_pdf_17\Vjezba_pdf_17.csproj", "{7520F0F4-B100-478E-B62A-6E21B4CD4B0D}"
EndProject
Project("{FAE04EC0-301F-11D3-BF4B-00C04F79EFBC}") = "Vjezba_pdf_klasa_12", "Vjezba_pdf_klasa_12\Vjezba_pdf_klasa_12.csproj", "{2580689B-A909-45D3-B183-6BC16AE3D6A3}"
EndProject
Project("{FAE04EC0-301F-11D3-BF4B-00C04F79EFBC}") = "Vjezba_pdf_klasa_13", "Vjezba_pdf_klasa_13\Vjezba_pdf_klasa_13.csproj", "{A4BBDEEA-A8D7-44EF-8D33-44E85573E3D5}"
EndProject
Project("{FAE04EC0-301F-11D3-BF4B-00C04F79EFBC}") = "Vjezba_pdf_18", "Vjezba_pdf_18\Vjezba_pdf_18.csproj", "{48A3EE6D-8424-4970-98C2-96239D224B09}"
EndProject
Project("{FAE04EC0-301F-11D3-BF4B-00C04F79EFBC}") = "Vjezba_pdf_19", "Vjezba_pdf_19\Vjezba_pdf_19.csproj", "{CD611CFE-583D-4E5F-A137-E81F9487978A}"
EndProject
Global
	GlobalSection(SolutionConfigurationPlatforms) = preSolution
		Debug|Any CPU = Debug|Any CPU
		Release|Any CPU = Release|Any CPU
	EndGlobalSection
	GlobalSection(ProjectConfigurationPlatforms) = postSolution
		{B7478FA0-E220-4266-99FA-2535B4D1B75F}.Debug|Any CPU.ActiveCfg = Debug|Any CPU
		{B7478FA0-E220-4266-99FA-2535B4D1B75F}.Debug|Any CPU.Build.0 = Debug|Any CPU
		{B7478FA0-E220-4266-99FA-2535B4D1B75F}.Release|Any CPU.ActiveCfg = Release|Any CPU
		{B7478FA0-E220-4266-99FA-2535B4D1B75F}.Release|Any CPU.Build.0 = Release|Any CPU
		{5CEC13A3-ED08-4EFE-AC59-4BEB74419211}.Debug|Any CPU.ActiveCfg = Debug|Any CPU
		{5CEC13A3-ED08-4EFE-AC59-4BEB74419211}.Debug|Any CPU.Build.0 = Debug|Any CPU
		{5CEC13A3-ED08-4EFE-AC59-4BEB74419211}.Release|Any CPU.ActiveCfg = Release|Any CPU
		{5CEC13A3-ED08-4EFE-AC59-4BEB74419211}.Release|Any CPU.Build.0 = Release|Any CPU
		{B72F01F3-CB41-4764-934B-B36907AD7774}.Debug|Any CPU.ActiveCfg = Debug|Any CPU
		{B72F01F3-CB41-4764-934B-B36907AD7774}.Debug|Any CPU.Build.0 = Debug|Any CPU
		{B72F01F3-CB41-4764-934B-B36907AD7774}.Release|Any CPU.ActiveCfg = Release|Any CPU
		{B72F01F3-CB41-4764-934B-B36907AD7774}.Release|Any CPU.Build.0 = Release|Any CPU
		{46B49D6A-D3EA-4B1E-9A32-59D74B1DC54A}.Debug|Any CPU.ActiveCfg = Debug|Any CPU
		{46B49D6A-D3EA-4B1E-9A32-59D74B1DC54A}.Debug|Any CPU.Build.0 = Debug|Any CPU
		{46B49D6A-D3EA-4B1E-9A32-59D74B1DC54A}.Release|Any CPU.ActiveCfg = Release|Any CPU
		{46B49D6A-D3EA-4B1E-9A32-59D74B1DC54A}.Release|Any CPU.Build.0 = Release|Any CPU
		{FCFAA0DE-3155-4B8B-92D3-AE9AB52B9527}.Debug|Any CPU.ActiveCfg = Debug|Any CPU
		{FCFAA0DE-3155-4B8B-92D3-AE9AB52B9527}.Debug|Any CPU.Build.0 = Debug|Any CPU
		{FCFAA0DE-3155-4B8B-92D3-AE9AB52B9527}.Release|Any CPU.ActiveCfg = Release|Any CPU
		{FCFAA0DE-3155-4B8B-92D3-AE9AB52B9527}.Release|Any CPU.Build.0 = Release|Any CPU
		{3B31F3C2-B1C0-4644-B3B2-9753BC5ABFBD}.Debug|Any CPU.ActiveCfg = Debug|Any CPU
		{3B31F3C2-B1C0-4644-B3B2-9753BC5ABFBD}.Debug|Any CPU.Build.0 = Debug|Any CPU
		{3B31F3C2-B1C0-4644-B3B2-9753BC5ABFBD}.Release|Any CPU.ActiveCfg = Release|Any CPU
		{3B31F3C2-B1C0-4644-B3B2-9753BC5ABFBD}.Release|Any CPU.Build.0 = Release|Any CPU
		{9D3C0D67-8765-43FF-A863-780FE66BA867}.Debug|Any CPU.ActiveCfg = Debug|Any CPU
		{9D3C0D67-8765-43FF-A863-780FE66BA867}.Debug|Any CPU.Build.0 = Debug|Any CPU
		{9D3C0D67-8765-43FF-A863-780FE66BA867}.Release|Any CPU.ActiveCfg = Release|Any CPU
		{9D3C0D67-8765-43FF-A863-780FE66BA867}.Release|Any CPU.Build.0 = Release|Any CPU
		{11E22BB5-C6C5-4640-AAD4-5EAD51E18B65}.Debug|Any CPU.ActiveCfg = Debug|Any CPU
		{11E22BB5-C6C5-4640-AAD4-5EAD51E18B65}.Debug|Any CPU.Build.0 = Debug|Any CPU
		{11E22BB5-C6C5-4640-AAD4-5EAD51E18B65}.Release|Any CPU.ActiveCfg = Release|Any CPU
		{11E22BB5-C6C5-4640-AAD4-5EAD51E18B65}.Release|Any CPU.Build.0 = Release|Any CPU
		{1C3D0397-2D79-47D1-8E54-14C77EADC4DA}.Debug|Any CPU.ActiveCfg = Debug|Any CPU
		{1C3D0397-2D79-47D1-8E54-14C77EADC4DA}.Debug|Any CPU.Build.0 = Debug|Any CPU
		{1C3D0397-2D79-47D1-8E54-14C77EADC4DA}.Release|Any CPU.ActiveCfg = Release|Any CPU
		{1C3D0397-2D79-47D1-8E54-14C77EADC4DA}.Release|Any CPU.Build.0 = Release|Any CPU
		{E53097CA-9A88-4B82-8A87-577144A26095}.Debug|Any CPU.ActiveCfg = Debug|Any CPU
		{E53097CA-9A88-4B82-8A87-577144A26095}.Debug|Any CPU.Build.0 = Debug|Any CPU
		{E53097CA-9A88-4B82-8A87-577144A26095}.Release|Any CPU.ActiveCfg = Release|Any CPU
		{E53097CA-9A88-4B82-8A87-577144A26095}.Release|Any CPU.Build.0 = Release|Any CPU
		{A7FE8921-8511-4C5A-AD03-FE8B494882BF}.Debug|Any CPU.ActiveCfg = Debug|Any CPU
		{A7FE8921-8511-4C5A-AD03-FE8B494882BF}.Debug|Any CPU.Build.0 = Debug|Any CPU
		{A7FE8921-8511-4C5A-AD03-FE8B494882BF}.Release|Any CPU.ActiveCfg = Release|Any CPU
		{A7FE8921-8511-4C5A-AD03-FE8B494882BF}.Release|Any CPU.Build.0 = Release|Any CPU
		{17D65AC5-E5DD-42D8-A3A8-C55FC78FECF8}.Debug|Any CPU.ActiveCfg = Debug|Any CPU
		{17D65AC5-E5DD-42D8-A3A8-C55FC78FECF8}.Debug|Any CPU.Build.0 = Debug|Any CPU
		{17D65AC5-E5DD-42D8-A3A8-C55FC78FECF8}.Release|Any CPU.ActiveCfg = Release|Any CPU
		{17D65AC5-E5DD-42D8-A3A8-C55FC78FECF8}.Release|Any CPU.Build.0 = Release|Any CPU
		{9162F084-FB73-4496-8454-A1A92F3C3E6D}.Debug|Any CPU.ActiveCfg = Debug|Any CPU
		{9162F084-FB73-4496-8454-A1A92F3C3E6D}.Debug|Any CPU.Build.0 = Debug|Any CPU
		{9162F084-FB73-4496-8454-A1A92F3C3E6D}.Release|Any CPU.ActiveCfg = Release|Any CPU
		{9162F084-FB73-4496-8454-A1A92F3C3E6D}.Release|Any CPU.Build.0 = Release|Any CPU
		{4DDC066A-A715-48B4-BA32-0B6ECD72893E}.Debug|Any CPU.ActiveCfg = Debug|Any CPU
		{4DDC066A-A715-48B4-BA32-0B6ECD72893E}.Debug|Any CPU.Build.0 = Debug|Any CPU
		{4DDC066A-A715-48B4-BA32-0B6ECD72893E}.Release|Any CPU.ActiveCfg = Release|Any CPU
		{4DDC066A-A715-48B4-BA32-0B6ECD72893E}.Release|Any CPU.Build.0 = Release|Any CPU
		{E72BBA44-8514-4653-B06A-2BA393A09A3C}.Debug|Any CPU.ActiveCfg = Debug|Any CPU
		{E72BBA44-8514-4653-B06A-2BA393A09A3C}.Debug|Any CPU.Build.0 = Debug|Any CPU
		{E72BBA44-8514-4653-B06A-2BA393A09A3C}.Release|Any CPU.ActiveCfg = Release|Any CPU
		{E72BBA44-8514-4653-B06A-2BA393A09A3C}.Release|Any CPU.Build.0 = Release|Any CPU
		{7D78E85B-BF3C-4C5B-B671-A0EC159276E5}.Debug|Any CPU.ActiveCfg = Debug|Any CPU
		{7D78E85B-BF3C-4C5B-B671-A0EC159276E5}.Debug|Any CPU.Build.0 = Debug|Any CPU
		{7D78E85B-BF3C-4C5B-B671-A0EC159276E5}.Release|Any CPU.ActiveCfg = Release|Any CPU
		{7D78E85B-BF3C-4C5B-B671-A0EC159276E5}.Release|Any CPU.Build.0 = Release|Any CPU
		{B7BC0180-1E54-4C20-A2E7-B8EC4DBB08FE}.Debug|Any CPU.ActiveCfg = Debug|Any CPU
		{B7BC0180-1E54-4C20-A2E7-B8EC4DBB08FE}.Debug|Any CPU.Build.0 = Debug|Any CPU
		{B7BC0180-1E54-4C20-A2E7-B8EC4DBB08FE}.Release|Any CPU.ActiveCfg = Release|Any CPU
		{B7BC0180-1E54-4C20-A2E7-B8EC4DBB08FE}.Release|Any CPU.Build.0 = Release|Any CPU
		{07EF762F-7953-440B-81B6-0A83965E85BD}.Debug|Any CPU.ActiveCfg = Debug|Any CPU
		{07EF762F-7953-440B-81B6-0A83965E85BD}.Debug|Any CPU.Build.0 = Debug|Any CPU
		{07EF762F-7953-440B-81B6-0A83965E85BD}.Release|Any CPU.ActiveCfg = Release|Any CPU
		{07EF762F-7953-440B-81B6-0A83965E85BD}.Release|Any CPU.Build.0 = Release|Any CPU
		{C3383C81-4F49-467F-AC28-F1A9B0CFD019}.Debug|Any CPU.ActiveCfg = Debug|Any CPU
		{C3383C81-4F49-467F-AC28-F1A9B0CFD019}.Debug|Any CPU.Build.0 = Debug|Any CPU
		{C3383C81-4F49-467F-AC28-F1A9B0CFD019}.Release|Any CPU.ActiveCfg = Release|Any CPU
		{C3383C81-4F49-467F-AC28-F1A9B0CFD019}.Release|Any CPU.Build.0 = Release|Any CPU
		{085238E8-D2D2-43A6-9E4A-EE629ACCF7A9}.Debug|Any CPU.ActiveCfg = Debug|Any CPU
		{085238E8-D2D2-43A6-9E4A-EE629ACCF7A9}.Debug|Any CPU.Build.0 = Debug|Any CPU
		{085238E8-D2D2-43A6-9E4A-EE629ACCF7A9}.Release|Any CPU.ActiveCfg = Release|Any CPU
		{085238E8-D2D2-43A6-9E4A-EE629ACCF7A9}.Release|Any CPU.Build.0 = Release|Any CPU
		{7520F0F4-B100-478E-B62A-6E21B4CD4B0D}.Debug|Any CPU.ActiveCfg = Debug|Any CPU
		{7520F0F4-B100-478E-B62A-6E21B4CD4B0D}.Debug|Any CPU.Build.0 = Debug|Any CPU
		{7520F0F4-B100-478E-B62A-6E21B4CD4B0D}.Release|Any CPU.ActiveCfg = Release|Any CPU
		{7520F0F4-B100-478E-B62A-6E21B4CD4B0D}.Release|Any CPU.Build.0 = Release|Any CPU
		{2580689B-A909-45D3-B183-6BC16AE3D6A3}.Debug|Any CPU.ActiveCfg = Debug|Any CPU
		{2580689B-A909-45D3-B183-6BC16AE3D6A3}.Debug|Any CPU.Build.0 = Debug|Any CPU
		{2580689B-A909-45D3-B183-6BC16AE3D6A3}.Release|Any CPU.ActiveCfg = Release|Any CPU
		{2580689B-A909-45D3-B183-6BC16AE3D6A3}.Release|Any CPU.Build.0 = Release|Any CPU
		{A4BBDEEA-A8D7-44EF-8D33-44E85573E3D5}.Debug|Any CPU.ActiveCfg = Debug|Any CPU
		{A4BBDEEA-A8D7-44EF-8D33-44E85573E3D5}.Debug|Any CPU.Build.0 = Debug|Any CPU
		{A4BBDEEA-A8D7-44EF-8D33-44E85573E3D5}.Release|Any CPU.ActiveCfg = Release|Any CPU
		{A4BBDEEA-A8D7-44EF-8D33-44E85573E3D5}.Release|Any CPU.Build.0 = Release|Any CPU
		{48A3EE6D-8424-4970-98C2-96239D224B09}.Debug|Any CPU.ActiveCfg = Debug|Any CPU
		{48A3EE6D-8424-4970-98C2-96239D224B09}.Debug|Any CPU.Build.0 = Debug|Any CPU
		{48A3EE6D-8424-4970-98C2-96239D224B09}.Release|Any CPU.ActiveCfg = Release|Any CPU
		{48A3EE6D-8424-4970-98C2-96239D224B09}.Release|Any CPU.Build.0 = Release|Any CPU
		{CD611CFE-583D-4E5F-A137-E81F9487978A}.Debug|Any CPU.ActiveCfg = Debug|Any CPU
		{CD611CFE-583D-4E5F-A137-E81F9487978A}.Debug|Any CPU.Build.0 = Debug|Any CPU
		{CD611CFE-583D-4E5F-A137-E81F9487978A}.Release|Any CPU.ActiveCfg = Release|Any CPU
		{CD611CFE-583D-4E5F-A137-E81F9487978A}.Release|Any CPU.Build.0 = Release|Any CPU
	EndGlobalSection
	GlobalSection(SolutionProperties) = preSolution
		HideSolutionNode = FALSE
	EndGlobalSection
EndGlobal
