
Microsoft Visual Studio Solution File, Format Version 12.00
# Visual Studio 2013
VisualStudioVersion = 12.0.31101.0
MinimumVisualStudioVersion = 10.0.40219.1
Project("{FAE04EC0-301F-11D3-BF4B-00C04F79EFBC}") = "Vjezba_pdf_1", "Vjezba_pdf_1\Vjezba_pdf_1.csproj", "{B7478FA0-E220-4266-99FA-2535B4D1B75F}"
EndProject
Project("{FAE04EC0-301F-11D3-BF4B-00C04F79EFBC}") = "Vjezba_pdf_2", "Vjezba_pdf_2\Vjezba_pdf_2.csproj", "{5CEC13A3-ED08-4EFE-AC59-4BEB74419211}"
EndProject
Project("{FAE04EC0-301F-11D3-BF4B-00C04F79EFBC}") = "Vjezba_pdf_3", "Vjezba_pdf_3\Vjezba_pdf_3.csproj", "{B72F01F3-CB41-4764-934B-B36907AD7774}"
EndProject
Project("{FAE04EC0-301F-11D3-BF4B-00C04F79EFBC}") = "Vjezba_pdf_4", "Vjezba_pdf_4\Vjezba_pdf_4.csproj", "{46B49D6A-D3EA-4B1E-9A32-59D74B1DC54A}"
EndProject
Project("{FAE04EC0-301F-11D3-BF4B-00C04F79EFBC}") = "Vjezba_pdf_5", "Vjezba_pdf_5\Vjezba_pdf_5.csproj", "{FCFAA0DE-3155-4B8B-92D3-AE9AB52B9527}"
EndProject
Global
	GlobalSection(SolutionConfigurationPlatforms) = preSolution
		Debug|Any CPU = Debug|Any CPU
		Release|Any CPU = Release|Any CPU
	EndGlobalSection
	GlobalSection(ProjectConfigurationPlatforms) = postSolution
		{B7478FA0-E220-4266-99FA-2535B4D1B75F}.Debug|Any CPU.ActiveCfg = Debug|Any CPU
		{B7478FA0-E220-4266-99FA-2535B4D1B75F}.Debug|Any CPU.Build.0 = Debug|Any CPU
		{B7478FA0-E220-4266-99FA-2535B4D1B75F}.Release|Any CPU.ActiveCfg = Release|Any CPU
		{B7478FA0-E220-4266-99FA-2535B4D1B75F}.Release|Any CPU.Build.0 = Release|Any CPU
		{5CEC13A3-ED08-4EFE-AC59-4BEB74419211}.Debug|Any CPU.ActiveCfg = Debug|Any CPU
		{5CEC13A3-ED08-4EFE-AC59-4BEB74419211}.Debug|Any CPU.Build.0 = Debug|Any CPU
		{5CEC13A3-ED08-4EFE-AC59-4BEB74419211}.Release|Any CPU.ActiveCfg = Release|Any CPU
		{5CEC13A3-ED08-4EFE-AC59-4BEB74419211}.Release|Any CPU.Build.0 = Release|Any CPU
		{B72F01F3-CB41-4764-934B-B36907AD7774}.Debug|Any CPU.ActiveCfg = Debug|Any CPU
		{B72F01F3-CB41-4764-934B-B36907AD7774}.Debug|Any CPU.Build.0 = Debug|Any CPU
		{B72F01F3-CB41-4764-934B-B36907AD7774}.Release|Any CPU.ActiveCfg = Release|Any CPU
		{B72F01F3-CB41-4764-934B-B36907AD7774}.Release|Any CPU.Build.0 = Release|Any CPU
		{46B49D6A-D3EA-4B1E-9A32-59D74B1DC54A}.Debug|Any CPU.ActiveCfg = Debug|Any CPU
		{46B49D6A-D3EA-4B1E-9A32-59D74B1DC54A}.Debug|Any CPU.Build.0 = Debug|Any CPU
		{46B49D6A-D3EA-4B1E-9A32-59D74B1DC54A}.Release|Any CPU.ActiveCfg = Release|Any CPU
		{46B49D6A-D3EA-4B1E-9A32-59D74B1DC54A}.Release|Any CPU.Build.0 = Release|Any CPU
		{FCFAA0DE-3155-4B8B-92D3-AE9AB52B9527}.Debug|Any CPU.ActiveCfg = Debug|Any CPU
		{FCFAA0DE-3155-4B8B-92D3-AE9AB52B9527}.Debug|Any CPU.Build.0 = Debug|Any CPU
		{FCFAA0DE-3155-4B8B-92D3-AE9AB52B9527}.Release|Any CPU.ActiveCfg = Release|Any CPU
		{FCFAA0DE-3155-4B8B-92D3-AE9AB52B9527}.Release|Any CPU.Build.0 = Release|Any CPU
	EndGlobalSection
	GlobalSection(SolutionProperties) = preSolution
		HideSolutionNode = FALSE
	EndGlobalSection
EndGlobal
